
Microsoft Visual Studio Solution File, Format Version 12.00
# Visual Studio Version 17
VisualStudioVersion = 17.1.32328.378
MinimumVisualStudioVersion = 10.0.40219.1
Project("{2150E333-8FDC-42A3-9474-1A3956D46DE8}") = "Services", "Services", "{594D8E80-78AA-42F3-B979-57E33D6CAEEA}"
EndProject
Project("{2150E333-8FDC-42A3-9474-1A3956D46DE8}") = "Catalog", "Catalog", "{7FAB3BAF-6D6E-40C8-943A-0DA418CEC015}"
EndProject
Project("{9A19103F-16F7-4668-BE54-9A1E7A4F7556}") = "Catalog.API", "Services\Catalog\Catalog.API\Catalog.API.csproj", "{8C8407F3-A0B9-47BF-9305-E5D3C5748CC4}"
EndProject
Project("{E53339B2-1760-4266-BCC7-CA923CBCF16C}") = "docker-compose", "docker-compose.dcproj", "{6C2B0986-DE3F-4742-86A3-1179E5CB9F2B}"
EndProject
Project("{2150E333-8FDC-42A3-9474-1A3956D46DE8}") = "Basket", "Basket", "{EC3BF2CC-3387-42A7-B916-86658918F943}"
EndProject
Project("{9A19103F-16F7-4668-BE54-9A1E7A4F7556}") = "Basket.API", "Services\Basket\Basket.API\Basket.API.csproj", "{CAA297A3-98EC-4505-9859-52F65E73398A}"
EndProject
Project("{2150E333-8FDC-42A3-9474-1A3956D46DE8}") = "Discount", "Discount", "{ACC1D6FE-E787-444E-9612-D9B4576324BB}"
EndProject
Project("{9A19103F-16F7-4668-BE54-9A1E7A4F7556}") = "Discount.API", "services\Discount\Discount.API\Discount.API.csproj", "{06E64788-5347-4996-A66B-F9530ED589B6}"
EndProject
Project("{9A19103F-16F7-4668-BE54-9A1E7A4F7556}") = "Discount.Grpc", "Services\Discount\Discount.Grpc\Discount.Grpc.csproj", "{28455CD2-8067-4196-B6FF-0A9005714614}"
EndProject
Project("{2150E333-8FDC-42A3-9474-1A3956D46DE8}") = "Ordering", "Ordering", "{F6460C7A-101E-48A0-8836-C9AF5A62588B}"
EndProject
Project("{9A19103F-16F7-4668-BE54-9A1E7A4F7556}") = "Ordering.API", "Services\Ordering\Ordering.API\Ordering.API.csproj", "{E5940BA2-FCAD-4D54-AFBC-7B5E6E22941F}"
EndProject
Project("{9A19103F-16F7-4668-BE54-9A1E7A4F7556}") = "Ordering.Domain", "Services\Ordering\Ordering.Domain\Ordering.Domain.csproj", "{7EDFAA19-F149-4F9B-A6DF-8DE8E5109265}"
EndProject
Project("{9A19103F-16F7-4668-BE54-9A1E7A4F7556}") = "Ordering.Application", "Services\Ordering\Ordering.Application\Ordering.Application.csproj", "{58C0F5D0-0AF0-4522-93B1-AF6C9AAED932}"
EndProject
Project("{9A19103F-16F7-4668-BE54-9A1E7A4F7556}") = "Ordering.Infrastructure", "Services\Ordering\Ordering.Infrastructure\Ordering.Infrastructure.csproj", "{153FD1CD-6C2E-4F36-822F-BC14B222E3CE}"
EndProject
Project("{2150E333-8FDC-42A3-9474-1A3956D46DE8}") = "BuildingBlocks", "BuildingBlocks", "{6515F57A-7132-47D3-A284-B453D727906A}"
EndProject
Project("{9A19103F-16F7-4668-BE54-9A1E7A4F7556}") = "EventBus.Messages", "BuildingBlocks\EventBus.Messages\EventBus.Messages.csproj", "{2DC6854E-921A-4BA3-B6E1-8406345D9C64}"
EndProject
Project("{2150E333-8FDC-42A3-9474-1A3956D46DE8}") = "ApiGateways", "ApiGateways", "{93C8113B-C0F8-46E1-9CD1-A6FFED595AFF}"
EndProject
Project("{9A19103F-16F7-4668-BE54-9A1E7A4F7556}") = "OcelotApiGw", "ApiGateways\OcelotApiGw\OcelotApiGw.csproj", "{BC2DC212-18E3-40B1-8DE2-1DF4488B46D6}"
EndProject
Project("{9A19103F-16F7-4668-BE54-9A1E7A4F7556}") = "Shopping.Aggregator", "ApiGateways\Shopping.Aggregator\Shopping.Aggregator.csproj", "{6B63A48E-D112-4E9D-880C-B29B9181A9DD}"
EndProject
Project("{2150E333-8FDC-42A3-9474-1A3956D46DE8}") = "WebApps", "WebApps", "{D331DD3D-2147-4485-8E13-6F1094B9815F}"
EndProject
Project("{9A19103F-16F7-4668-BE54-9A1E7A4F7556}") = "AspnetRunBasics", "WebApps\AspnetRunBasics\AspnetRunBasics.csproj", "{79A50707-2C78-47E1-85D6-DB6A1CDB133F}"
EndProject
Global
	GlobalSection(SolutionConfigurationPlatforms) = preSolution
		Debug|Any CPU = Debug|Any CPU
		Release|Any CPU = Release|Any CPU
	EndGlobalSection
	GlobalSection(ProjectConfigurationPlatforms) = postSolution
		{8C8407F3-A0B9-47BF-9305-E5D3C5748CC4}.Debug|Any CPU.ActiveCfg = Debug|Any CPU
		{8C8407F3-A0B9-47BF-9305-E5D3C5748CC4}.Debug|Any CPU.Build.0 = Debug|Any CPU
		{8C8407F3-A0B9-47BF-9305-E5D3C5748CC4}.Release|Any CPU.ActiveCfg = Release|Any CPU
		{8C8407F3-A0B9-47BF-9305-E5D3C5748CC4}.Release|Any CPU.Build.0 = Release|Any CPU
		{6C2B0986-DE3F-4742-86A3-1179E5CB9F2B}.Debug|Any CPU.ActiveCfg = Debug|Any CPU
		{6C2B0986-DE3F-4742-86A3-1179E5CB9F2B}.Debug|Any CPU.Build.0 = Debug|Any CPU
		{6C2B0986-DE3F-4742-86A3-1179E5CB9F2B}.Release|Any CPU.ActiveCfg = Release|Any CPU
		{6C2B0986-DE3F-4742-86A3-1179E5CB9F2B}.Release|Any CPU.Build.0 = Release|Any CPU
		{CAA297A3-98EC-4505-9859-52F65E73398A}.Debug|Any CPU.ActiveCfg = Debug|Any CPU
		{CAA297A3-98EC-4505-9859-52F65E73398A}.Debug|Any CPU.Build.0 = Debug|Any CPU
		{CAA297A3-98EC-4505-9859-52F65E73398A}.Release|Any CPU.ActiveCfg = Release|Any CPU
		{CAA297A3-98EC-4505-9859-52F65E73398A}.Release|Any CPU.Build.0 = Release|Any CPU
		{06E64788-5347-4996-A66B-F9530ED589B6}.Debug|Any CPU.ActiveCfg = Debug|Any CPU
		{06E64788-5347-4996-A66B-F9530ED589B6}.Debug|Any CPU.Build.0 = Debug|Any CPU
		{06E64788-5347-4996-A66B-F9530ED589B6}.Release|Any CPU.ActiveCfg = Release|Any CPU
		{06E64788-5347-4996-A66B-F9530ED589B6}.Release|Any CPU.Build.0 = Release|Any CPU
		{28455CD2-8067-4196-B6FF-0A9005714614}.Debug|Any CPU.ActiveCfg = Debug|Any CPU
		{28455CD2-8067-4196-B6FF-0A9005714614}.Debug|Any CPU.Build.0 = Debug|Any CPU
		{28455CD2-8067-4196-B6FF-0A9005714614}.Release|Any CPU.ActiveCfg = Release|Any CPU
		{28455CD2-8067-4196-B6FF-0A9005714614}.Release|Any CPU.Build.0 = Release|Any CPU
		{E5940BA2-FCAD-4D54-AFBC-7B5E6E22941F}.Debug|Any CPU.ActiveCfg = Debug|Any CPU
		{E5940BA2-FCAD-4D54-AFBC-7B5E6E22941F}.Debug|Any CPU.Build.0 = Debug|Any CPU
		{E5940BA2-FCAD-4D54-AFBC-7B5E6E22941F}.Release|Any CPU.ActiveCfg = Release|Any CPU
		{E5940BA2-FCAD-4D54-AFBC-7B5E6E22941F}.Release|Any CPU.Build.0 = Release|Any CPU
		{7EDFAA19-F149-4F9B-A6DF-8DE8E5109265}.Debug|Any CPU.ActiveCfg = Debug|Any CPU
		{7EDFAA19-F149-4F9B-A6DF-8DE8E5109265}.Debug|Any CPU.Build.0 = Debug|Any CPU
		{7EDFAA19-F149-4F9B-A6DF-8DE8E5109265}.Release|Any CPU.ActiveCfg = Release|Any CPU
		{7EDFAA19-F149-4F9B-A6DF-8DE8E5109265}.Release|Any CPU.Build.0 = Release|Any CPU
		{58C0F5D0-0AF0-4522-93B1-AF6C9AAED932}.Debug|Any CPU.ActiveCfg = Debug|Any CPU
		{58C0F5D0-0AF0-4522-93B1-AF6C9AAED932}.Debug|Any CPU.Build.0 = Debug|Any CPU
		{58C0F5D0-0AF0-4522-93B1-AF6C9AAED932}.Release|Any CPU.ActiveCfg = Release|Any CPU
		{58C0F5D0-0AF0-4522-93B1-AF6C9AAED932}.Release|Any CPU.Build.0 = Release|Any CPU
		{153FD1CD-6C2E-4F36-822F-BC14B222E3CE}.Debug|Any CPU.ActiveCfg = Debug|Any CPU
		{153FD1CD-6C2E-4F36-822F-BC14B222E3CE}.Debug|Any CPU.Build.0 = Debug|Any CPU
		{153FD1CD-6C2E-4F36-822F-BC14B222E3CE}.Release|Any CPU.ActiveCfg = Release|Any CPU
		{153FD1CD-6C2E-4F36-822F-BC14B222E3CE}.Release|Any CPU.Build.0 = Release|Any CPU
		{2DC6854E-921A-4BA3-B6E1-8406345D9C64}.Debug|Any CPU.ActiveCfg = Debug|Any CPU
		{2DC6854E-921A-4BA3-B6E1-8406345D9C64}.Debug|Any CPU.Build.0 = Debug|Any CPU
		{2DC6854E-921A-4BA3-B6E1-8406345D9C64}.Release|Any CPU.ActiveCfg = Release|Any CPU
		{2DC6854E-921A-4BA3-B6E1-8406345D9C64}.Release|Any CPU.Build.0 = Release|Any CPU
		{BC2DC212-18E3-40B1-8DE2-1DF4488B46D6}.Debug|Any CPU.ActiveCfg = Debug|Any CPU
		{BC2DC212-18E3-40B1-8DE2-1DF4488B46D6}.Debug|Any CPU.Build.0 = Debug|Any CPU
		{BC2DC212-18E3-40B1-8DE2-1DF4488B46D6}.Release|Any CPU.ActiveCfg = Release|Any CPU
		{BC2DC212-18E3-40B1-8DE2-1DF4488B46D6}.Release|Any CPU.Build.0 = Release|Any CPU
		{6B63A48E-D112-4E9D-880C-B29B9181A9DD}.Debug|Any CPU.ActiveCfg = Debug|Any CPU
		{6B63A48E-D112-4E9D-880C-B29B9181A9DD}.Debug|Any CPU.Build.0 = Debug|Any CPU
		{6B63A48E-D112-4E9D-880C-B29B9181A9DD}.Release|Any CPU.ActiveCfg = Release|Any CPU
		{6B63A48E-D112-4E9D-880C-B29B9181A9DD}.Release|Any CPU.Build.0 = Release|Any CPU
		{79A50707-2C78-47E1-85D6-DB6A1CDB133F}.Debug|Any CPU.ActiveCfg = Debug|Any CPU
		{79A50707-2C78-47E1-85D6-DB6A1CDB133F}.Debug|Any CPU.Build.0 = Debug|Any CPU
		{79A50707-2C78-47E1-85D6-DB6A1CDB133F}.Release|Any CPU.ActiveCfg = Release|Any CPU
		{79A50707-2C78-47E1-85D6-DB6A1CDB133F}.Release|Any CPU.Build.0 = Release|Any CPU
	EndGlobalSection
	GlobalSection(SolutionProperties) = preSolution
		HideSolutionNode = FALSE
	EndGlobalSection
	GlobalSection(NestedProjects) = preSolution
		{7FAB3BAF-6D6E-40C8-943A-0DA418CEC015} = {594D8E80-78AA-42F3-B979-57E33D6CAEEA}
		{8C8407F3-A0B9-47BF-9305-E5D3C5748CC4} = {7FAB3BAF-6D6E-40C8-943A-0DA418CEC015}
		{EC3BF2CC-3387-42A7-B916-86658918F943} = {594D8E80-78AA-42F3-B979-57E33D6CAEEA}
		{CAA297A3-98EC-4505-9859-52F65E73398A} = {EC3BF2CC-3387-42A7-B916-86658918F943}
		{ACC1D6FE-E787-444E-9612-D9B4576324BB} = {594D8E80-78AA-42F3-B979-57E33D6CAEEA}
		{06E64788-5347-4996-A66B-F9530ED589B6} = {ACC1D6FE-E787-444E-9612-D9B4576324BB}
		{28455CD2-8067-4196-B6FF-0A9005714614} = {ACC1D6FE-E787-444E-9612-D9B4576324BB}
		{F6460C7A-101E-48A0-8836-C9AF5A62588B} = {594D8E80-78AA-42F3-B979-57E33D6CAEEA}
		{E5940BA2-FCAD-4D54-AFBC-7B5E6E22941F} = {F6460C7A-101E-48A0-8836-C9AF5A62588B}
		{7EDFAA19-F149-4F9B-A6DF-8DE8E5109265} = {F6460C7A-101E-48A0-8836-C9AF5A62588B}
		{58C0F5D0-0AF0-4522-93B1-AF6C9AAED932} = {F6460C7A-101E-48A0-8836-C9AF5A62588B}
		{153FD1CD-6C2E-4F36-822F-BC14B222E3CE} = {F6460C7A-101E-48A0-8836-C9AF5A62588B}
		{2DC6854E-921A-4BA3-B6E1-8406345D9C64} = {6515F57A-7132-47D3-A284-B453D727906A}
		{BC2DC212-18E3-40B1-8DE2-1DF4488B46D6} = {93C8113B-C0F8-46E1-9CD1-A6FFED595AFF}
		{6B63A48E-D112-4E9D-880C-B29B9181A9DD} = {93C8113B-C0F8-46E1-9CD1-A6FFED595AFF}
		{79A50707-2C78-47E1-85D6-DB6A1CDB133F} = {D331DD3D-2147-4485-8E13-6F1094B9815F}
	EndGlobalSection
	GlobalSection(ExtensibilityGlobals) = postSolution
		SolutionGuid = {9F971238-A9B6-4930-BBD5-60C42549AA53}
	EndGlobalSection
EndGlobal
